github.com/gobwas/httphead v0.1.0 h1:exrUm0f4YX0L7EBwZHuCF4GDp8aJfVeBrlLQrs6NqWU=
github.com/gobwas/httphead v0.1.0/go.mod h1:O/RXo79gxV8G+RqlR/otEwx4Q36zl9rqC5u12GKvMCM=
github.com/gobwas/pool v0.2.1 h1:xfeeEhW7pwmX8nuLVlqbzVc7udMDrwetjEv+TZIz1og=
github.com/gobwas/pool v0.2.1/go.mod h1:q8bcK0KcYlCgd9e7WYLm9LpyS+YeLd8JVDW6WezmKEw=
github.com/gobwas/ws v1.1.0 h1:7RFti/xnNkMJnrK7D1yQ/iCIB5OrrY/54/H930kIbHA=
github.com/gobwas/ws v1.1.0/go.mod h1:nzvNcVha5eUziGrbxFCo6qFIojQHjJV5cLYIbezhfL0=
github.com/mailru/easygo v0.0.0-20190618140210-3c14a0dc985f h1:4+gHs0jJFJ06bfN8PshnM6cHcxGjRUVRLo5jndDiKRQ=
github.com/mailru/easygo v0.0.0-20190618140210-3c14a0dc985f/go.mod h1:tHCZHV8b2A90ObojrEAzY0Lb03gxUxjDHr5IJyAh4ew=
golang.org/x/sys v0.0.0-20201207223542-d4d67f95c62d/go.mod h1:h1NjWce9XRLGQEsW7wpKNCjG9DtNlClVuFLEZdDNbEs=
golang.org/x/sys v0.0.0-20220708085239-5a0f0661e09d h1:/m5NbqQelATgoSPVC2Z23sR4kVNokFwDDyWh/3rGY+I=
golang.org/x/sys v0.0.0-20220708085239-5a0f0661e09d/go.mod h1:oPkhp1MJrh7nUepCBck5+mAzfO9JrbApNNgaTdGDITg=
